github.com/confluentinc/confluent-kafka-go/v2 v2.14.1 h1:DOm/3yIL7L8GOEa7TFDht6MiNa/FiOeb8kNjHr28S/4=
github.com/confluentinc/confluent-kafka-go/v2 v2.14.1/go.mod h1:aR1aciwbULyLhKkv9eq88JhS4XmGOusEnHZx1R93XZI=
github.com/linxGnu/grocksdb v1.10.8 h1:Nau01Hhm/0kaVTR6d4viwD6npYbnDvZAfzwJCLzKRYo=
github.com/linxGnu/grocksdb v1.10.8/go.mod h1:OLQKZwiKwaJiAVCsOzWKvwiLwfZ5Vz8Md5TYR7t7pM8=
